
Microsoft Visual Studio Solution File, Format Version 12.00
# Visual Studio Version 16
VisualStudioVersion = 16.0.29306.81
MinimumVisualStudioVersion = 10.0.40219.1
Project("{9A19103F-16F7-4668-BE54-9A1E7A4F7556}") = "Dima3API", "Dima3API\Dima3API.csproj", "{5FD5948C-CACA-4975-A21B-160E664F7592}"
EndProject
Project("{FAE04EC0-301F-11D3-BF4B-00C04F79EFBC}") = "Dima3API.Test", "Dima3API.Test\Dima3API.Test.csproj", "{4CAFA3B0-DAD1-455B-BFA8-4819AB855E7C}"
EndProject
Global
	GlobalSection(SolutionConfigurationPlatforms) = preSolution
		Debug|Any CPU = Debug|Any CPU
		Release|Any CPU = Release|Any CPU
	EndGlobalSection
	GlobalSection(ProjectConfigurationPlatforms) = postSolution
		{5FD5948C-CACA-4975-A21B-160E664F7592}.Debug|Any CPU.ActiveCfg = Debug|Any CPU
		{5FD5948C-CACA-4975-A21B-160E664F7592}.Debug|Any CPU.Build.0 = Debug|Any CPU
		{5FD5948C-CACA-4975-A21B-160E664F7592}.Release|Any CPU.ActiveCfg = Release|Any CPU
		{5FD5948C-CACA-4975-A21B-160E664F7592}.Release|Any CPU.Build.0 = Release|Any CPU
		{4CAFA3B0-DAD1-455B-BFA8-4819AB855E7C}.Debug|Any CPU.ActiveCfg = Debug|Any CPU
		{4CAFA3B0-DAD1-455B-BFA8-4819AB855E7C}.Debug|Any CPU.Build.0 = Debug|Any CPU
		{4CAFA3B0-DAD1-455B-BFA8-4819AB855E7C}.Release|Any CPU.ActiveCfg = Release|Any CPU
		{4CAFA3B0-DAD1-455B-BFA8-4819AB855E7C}.Release|Any CPU.Build.0 = Release|Any CPU
	EndGlobalSection
	GlobalSection(SolutionProperties) = preSolution
		HideSolutionNode = FALSE
	EndGlobalSection
	GlobalSection(ExtensibilityGlobals) = postSolution
		SolutionGuid = {37416FB8-2F95-4578-9732-E464156983A2}
	EndGlobalSection
EndGlobal
